
Microsoft Visual Studio Solution File, Format Version 12.00
# Visual Studio Version 16
VisualStudioVersion = 16.0.31729.503
MinimumVisualStudioVersion = 10.0.40219.1
Project("{9A19103F-16F7-4668-BE54-9A1E7A4F7556}") = "Curso02", "Curso02\Curso02.csproj", "{F94301BE-E177-4556-892B-5DB1722628BA}"
EndProject
Project("{9A19103F-16F7-4668-BE54-9A1E7A4F7556}") = "Curso03", "Curso03\Curso03.csproj", "{4CBBBC93-51DF-468E-B5EB-6B431082CED5}"
EndProject
Project("{9A19103F-16F7-4668-BE54-9A1E7A4F7556}") = "Curso04", "Curso04\Curso04.csproj", "{C3B32383-3BFE-4C6F-990A-C0B973DC9D8E}"
EndProject
Project("{9A19103F-16F7-4668-BE54-9A1E7A4F7556}") = "Curso06", "Curso05\Curso06.csproj", "{F90B3839-C7F2-47A9-A3BF-4342D9F92526}"
EndProject
Global
	GlobalSection(SolutionConfigurationPlatforms) = preSolution
		Debug|Any CPU = Debug|Any CPU
		Release|Any CPU = Release|Any CPU
	EndGlobalSection
	GlobalSection(ProjectConfigurationPlatforms) = postSolution
		{F94301BE-E177-4556-892B-5DB1722628BA}.Debug|Any CPU.ActiveCfg = Debug|Any CPU
		{F94301BE-E177-4556-892B-5DB1722628BA}.Debug|Any CPU.Build.0 = Debug|Any CPU
		{F94301BE-E177-4556-892B-5DB1722628BA}.Release|Any CPU.ActiveCfg = Release|Any CPU
		{F94301BE-E177-4556-892B-5DB1722628BA}.Release|Any CPU.Build.0 = Release|Any CPU
		{4CBBBC93-51DF-468E-B5EB-6B431082CED5}.Debug|Any CPU.ActiveCfg = Debug|Any CPU
		{4CBBBC93-51DF-468E-B5EB-6B431082CED5}.Debug|Any CPU.Build.0 = Debug|Any CPU
		{4CBBBC93-51DF-468E-B5EB-6B431082CED5}.Release|Any CPU.ActiveCfg = Release|Any CPU
		{4CBBBC93-51DF-468E-B5EB-6B431082CED5}.Release|Any CPU.Build.0 = Release|Any CPU
		{C3B32383-3BFE-4C6F-990A-C0B973DC9D8E}.Debug|Any CPU.ActiveCfg = Debug|Any CPU
		{C3B32383-3BFE-4C6F-990A-C0B973DC9D8E}.Debug|Any CPU.Build.0 = Debug|Any CPU
		{C3B32383-3BFE-4C6F-990A-C0B973DC9D8E}.Release|Any CPU.ActiveCfg = Release|Any CPU
		{C3B32383-3BFE-4C6F-990A-C0B973DC9D8E}.Release|Any CPU.Build.0 = Release|Any CPU
		{F90B3839-C7F2-47A9-A3BF-4342D9F92526}.Debug|Any CPU.ActiveCfg = Debug|Any CPU
		{F90B3839-C7F2-47A9-A3BF-4342D9F92526}.Debug|Any CPU.Build.0 = Debug|Any CPU
		{F90B3839-C7F2-47A9-A3BF-4342D9F92526}.Release|Any CPU.ActiveCfg = Release|Any CPU
		{F90B3839-C7F2-47A9-A3BF-4342D9F92526}.Release|Any CPU.Build.0 = Release|Any CPU
	EndGlobalSection
	GlobalSection(SolutionProperties) = preSolution
		HideSolutionNode = FALSE
	EndGlobalSection
	GlobalSection(ExtensibilityGlobals) = postSolution
		SolutionGuid = {BAFB2CC6-D938-4FA3-AC2D-65372B39DEFD}
	EndGlobalSection
EndGlobal
